// !$*UTF8*$!
{
	archiveVersion = 1;
	classes = {
	};
	objectVersion = 56;
	objects = {

/* Begin PBXBuildFile section */
		E61A303F2B750EF00081A9A7 /* BottomSheetTransitionContentView.swift in Sources */ = {isa = PBXBuildFile; fileRef = E61A303E2B750EF00081A9A7 /* BottomSheetTransitionContentView.swift */; };
		E61A30412B7510800081A9A7 /* BottomSheetTransitionViewController.swift in Sources */ = {isa = PBXBuildFile; fileRef = E61A30402B7510800081A9A7 /* BottomSheetTransitionViewController.swift */; };
		E62BBB3F29E97F86006EF52B /* AppDelegate.swift in Sources */ = {isa = PBXBuildFile; fileRef = E62BBB3E29E97F86006EF52B /* AppDelegate.swift */; };
		E62BBB4129E97F86006EF52B /* SceneDelegate.swift in Sources */ = {isa = PBXBuildFile; fileRef = E62BBB4029E97F86006EF52B /* SceneDelegate.swift */; };
		E62BBB4829E97F87006EF52B /* Assets.xcassets in Resources */ = {isa = PBXBuildFile; fileRef = E62BBB4729E97F87006EF52B /* Assets.xcassets */; };
		E62BBB4B29E97F87006EF52B /* LaunchScreen.storyboard in Resources */ = {isa = PBXBuildFile; fileRef = E62BBB4929E97F87006EF52B /* LaunchScreen.storyboard */; };
		E62BBB5929E98060006EF52B /* OutlineView.swift in Sources */ = {isa = PBXBuildFile; fileRef = E62BBB5829E98060006EF52B /* OutlineView.swift */; };
		E62BBB5B29E9807B006EF52B /* OutlineViewController.swift in Sources */ = {isa = PBXBuildFile; fileRef = E62BBB5A29E9807B006EF52B /* OutlineViewController.swift */; };
		E62BBB5D29E98091006EF52B /* OutlineViewController+DataSource.swift in Sources */ = {isa = PBXBuildFile; fileRef = E62BBB5C29E98091006EF52B /* OutlineViewController+DataSource.swift */; };
		E62BBB6129E980EB006EF52B /* GrowingCircleActivityIndicatorContentView.swift in Sources */ = {isa = PBXBuildFile; fileRef = E62BBB6029E980EB006EF52B /* GrowingCircleActivityIndicatorContentView.swift */; };
		E62BBB6329E98101006EF52B /* GrowingCircleActivityIndicatorViewController.swift in Sources */ = {isa = PBXBuildFile; fileRef = E62BBB6229E98101006EF52B /* GrowingCircleActivityIndicatorViewController.swift */; };
		E62BBB6929E9816F006EF52B /* CircleProgressContentView.swift in Sources */ = {isa = PBXBuildFile; fileRef = E62BBB6829E9816F006EF52B /* CircleProgressContentView.swift */; };
		E62BBB6B29E9818D006EF52B /* CircleProgressViewController.swift in Sources */ = {isa = PBXBuildFile; fileRef = E62BBB6A29E9818D006EF52B /* CircleProgressViewController.swift */; };
		E62BBB6D29E981A9006EF52B /* ProgressBarContentView.swift in Sources */ = {isa = PBXBuildFile; fileRef = E62BBB6C29E981A9006EF52B /* ProgressBarContentView.swift */; };
		E62BBB6F29E981B3006EF52B /* ProgressBarViewController.swift in Sources */ = {isa = PBXBuildFile; fileRef = E62BBB6E29E981B3006EF52B /* ProgressBarViewController.swift */; };
		E62BBB7129E981E2006EF52B /* StrokeProgressBarContentView.swift in Sources */ = {isa = PBXBuildFile; fileRef = E62BBB7029E981E2006EF52B /* StrokeProgressBarContentView.swift */; };
		E62BBB7329E98204006EF52B /* StrokeProgressBarViewController.swift in Sources */ = {isa = PBXBuildFile; fileRef = E62BBB7229E98204006EF52B /* StrokeProgressBarViewController.swift */; };
		E62BBB7829E9E243006EF52B /* Components in Frameworks */ = {isa = PBXBuildFile; productRef = E62BBB7729E9E243006EF52B /* Components */; };
		E62BBB7C29E9E522006EF52B /* ToastContentView.swift in Sources */ = {isa = PBXBuildFile; fileRef = E62BBB7B29E9E522006EF52B /* ToastContentView.swift */; };
		E62BBB7E29E9E53E006EF52B /* ToastViewController.swift in Sources */ = {isa = PBXBuildFile; fileRef = E62BBB7D29E9E53E006EF52B /* ToastViewController.swift */; };
		E642CFB32A0FD6D600F71921 /* SlideButtonContentView.swift in Sources */ = {isa = PBXBuildFile; fileRef = E642CFB22A0FD6D600F71921 /* SlideButtonContentView.swift */; };
		E642CFB52A0FD79700F71921 /* SlideButtonViewController.swift in Sources */ = {isa = PBXBuildFile; fileRef = E642CFB42A0FD79700F71921 /* SlideButtonViewController.swift */; };
		E658280229F1666C00792C57 /* Button3DContentView.swift in Sources */ = {isa = PBXBuildFile; fileRef = E658280129F1666C00792C57 /* Button3DContentView.swift */; };
		E658280429F1668700792C57 /* Button3DViewController.swift in Sources */ = {isa = PBXBuildFile; fileRef = E658280329F1668700792C57 /* Button3DViewController.swift */; };
		E658280729F2B0A100792C57 /* StepProgressBarContentView.swift in Sources */ = {isa = PBXBuildFile; fileRef = E658280629F2B0A100792C57 /* StepProgressBarContentView.swift */; };
		E658280929F2B18100792C57 /* StepProgressBarViewController.swift in Sources */ = {isa = PBXBuildFile; fileRef = E658280829F2B18100792C57 /* StepProgressBarViewController.swift */; };
		E66FF8FD29EE9C56003C81B4 /* CarouselPickerContentView.swift in Sources */ = {isa = PBXBuildFile; fileRef = E66FF8FC29EE9C56003C81B4 /* CarouselPickerContentView.swift */; };
		E66FF8FF29EE9DC2003C81B4 /* CarouselPickerViewController.swift in Sources */ = {isa = PBXBuildFile; fileRef = E66FF8FE29EE9DC2003C81B4 /* CarouselPickerViewController.swift */; };
		E66FF90229EFEA85003C81B4 /* ColorSelectorContentView.swift in Sources */ = {isa = PBXBuildFile; fileRef = E66FF90129EFEA85003C81B4 /* ColorSelectorContentView.swift */; };
		E66FF90429EFEB9F003C81B4 /* ColorSelectorViewController.swift in Sources */ = {isa = PBXBuildFile; fileRef = E66FF90329EFEB9F003C81B4 /* ColorSelectorViewController.swift */; };
		E6754FCF2B7B847100702D57 /* SlideTransitionContentView.swift in Sources */ = {isa = PBXBuildFile; fileRef = E6754FCE2B7B847100702D57 /* SlideTransitionContentView.swift */; };
		E6754FD12B7B887000702D57 /* SlideTransitionViewController.swift in Sources */ = {isa = PBXBuildFile; fileRef = E6754FD02B7B887000702D57 /* SlideTransitionViewController.swift */; };
		E6754FD32B7B88AC00702D57 /* BottomSheetViewController.swift in Sources */ = {isa = PBXBuildFile; fileRef = E6754FD22B7B88AC00702D57 /* BottomSheetViewController.swift */; };
		E6754FD52B7B88DE00702D57 /* SlideViewController.swift in Sources */ = {isa = PBXBuildFile; fileRef = E6754FD42B7B88DE00702D57 /* SlideViewController.swift */; };
		E68FF2C729EB19A100296CAA /* RangeSliderContentView.swift in Sources */ = {isa = PBXBuildFile; fileRef = E68FF2C629EB19A100296CAA /* RangeSliderContentView.swift */; };
		E68FF2C929EB1A7400296CAA /* RangeSliderViewController.swift in Sources */ = {isa = PBXBuildFile; fileRef = E68FF2C829EB1A7400296CAA /* RangeSliderViewController.swift */; };
		E6CEBEED2A0657EC00B1225F /* MiniPlayerContentView.swift in Sources */ = {isa = PBXBuildFile; fileRef = E6CEBEEC2A0657EC00B1225F /* MiniPlayerContentView.swift */; };
		E6CEBEEF2A0658BA00B1225F /* MiniPlayerViewController.swift in Sources */ = {isa = PBXBuildFile; fileRef = E6CEBEEE2A0658BA00B1225F /* MiniPlayerViewController.swift */; };
		E6CEBEF12A065ADC00B1225F /* MiniPlayerTabBarController.swift in Sources */ = {isa = PBXBuildFile; fileRef = E6CEBEF02A065ADC00B1225F /* MiniPlayerTabBarController.swift */; };
		E6CFE3D529FE748C00AD4A12 /* RecordButtonContentView.swift in Sources */ = {isa = PBXBuildFile; fileRef = E6CFE3D429FE748C00AD4A12 /* RecordButtonContentView.swift */; };
		E6CFE3D729FE75D100AD4A12 /* RecordButtonViewController.swift in Sources */ = {isa = PBXBuildFile; fileRef = E6CFE3D629FE75D100AD4A12 /* RecordButtonViewController.swift */; };
/* End PBXBuildFile section */

/* Begin PBXFileReference section */
		E61A303E2B750EF00081A9A7 /* BottomSheetTransitionContentView.swift */ = {isa = PBXFileReference; lastKnownFileType = sourcecode.swift; path = BottomSheetTransitionContentView.swift; sourceTree = "<group>"; };
		E61A30402B7510800081A9A7 /* BottomSheetTransitionViewController.swift */ = {isa = PBXFileReference; lastKnownFileType = sourcecode.swift; path = BottomSheetTransitionViewController.swift; sourceTree = "<group>"; };
		E62BBB3B29E97F86006EF52B /* SwiftComponentsLibrary.app */ = {isa = PBXFileReference; explicitFileType = wrapper.application; includeInIndex = 0; path = SwiftComponentsLibrary.app; sourceTree = BUILT_PRODUCTS_DIR; };
		E62BBB3E29E97F86006EF52B /* AppDelegate.swift */ = {isa = PBXFileReference; lastKnownFileType = sourcecode.swift; path = AppDelegate.swift; sourceTree = "<group>"; };
		E62BBB4029E97F86006EF52B /* SceneDelegate.swift */ = {isa = PBXFileReference; lastKnownFileType = sourcecode.swift; path = SceneDelegate.swift; sourceTree = "<group>"; };
		E62BBB4729E97F87006EF52B /* Assets.xcassets */ = {isa = PBXFileReference; lastKnownFileType = folder.assetcatalog; path = Assets.xcassets; sourceTree = "<group>"; };
		E62BBB4A29E97F87006EF52B /* Base */ = {isa = PBXFileReference; lastKnownFileType = file.storyboard; name = Base; path = Base.lproj/LaunchScreen.storyboard; sourceTree = "<group>"; };
		E62BBB4C29E97F87006EF52B /* Info.plist */ = {isa = PBXFileReference; lastKnownFileType = text.plist.xml; path = Info.plist; sourceTree = "<group>"; };
		E62BBB5829E98060006EF52B /* OutlineView.swift */ = {isa = PBXFileReference; lastKnownFileType = sourcecode.swift; path = OutlineView.swift; sourceTree = "<group>"; };
		E62BBB5A29E9807B006EF52B /* OutlineViewController.swift */ = {isa = PBXFileReference; lastKnownFileType = sourcecode.swift; path = OutlineViewController.swift; sourceTree = "<group>"; };
		E62BBB5C29E98091006EF52B /* OutlineViewController+DataSource.swift */ = {isa = PBXFileReference; lastKnownFileType = sourcecode.swift; path = "OutlineViewController+DataSource.swift"; sourceTree = "<group>"; };
		E62BBB6029E980EB006EF52B /* GrowingCircleActivityIndicatorContentView.swift */ = {isa = PBXFileReference; lastKnownFileType = sourcecode.swift; path = GrowingCircleActivityIndicatorContentView.swift; sourceTree = "<group>"; };
		E62BBB6229E98101006EF52B /* GrowingCircleActivityIndicatorViewController.swift */ = {isa = PBXFileReference; lastKnownFileType = sourcecode.swift; path = GrowingCircleActivityIndicatorViewController.swift; sourceTree = "<group>"; };
		E62BBB6829E9816F006EF52B /* CircleProgressContentView.swift */ = {isa = PBXFileReference; lastKnownFileType = sourcecode.swift; path = CircleProgressContentView.swift; sourceTree = "<group>"; };
		E62BBB6A29E9818D006EF52B /* CircleProgressViewController.swift */ = {isa = PBXFileReference; lastKnownFileType = sourcecode.swift; path = CircleProgressViewController.swift; sourceTree = "<group>"; };
		E62BBB6C29E981A9006EF52B /* ProgressBarContentView.swift */ = {isa = PBXFileReference; lastKnownFileType = sourcecode.swift; path = ProgressBarContentView.swift; sourceTree = "<group>"; };
		E62BBB6E29E981B3006EF52B /* ProgressBarViewController.swift */ = {isa = PBXFileReference; lastKnownFileType = sourcecode.swift; path = ProgressBarViewController.swift; sourceTree = "<group>"; };
		E62BBB7029E981E2006EF52B /* StrokeProgressBarContentView.swift */ = {isa = PBXFileReference; lastKnownFileType = sourcecode.swift; path = StrokeProgressBarContentView.swift; sourceTree = "<group>"; };
		E62BBB7229E98204006EF52B /* StrokeProgressBarViewController.swift */ = {isa = PBXFileReference; lastKnownFileType = sourcecode.swift; path = StrokeProgressBarViewController.swift; sourceTree = "<group>"; };
		E62BBB7529E98252006EF52B /* Components */ = {isa = PBXFileReference; lastKnownFileType = wrapper; path = Components; sourceTree = "<group>"; };
		E62BBB7B29E9E522006EF52B /* ToastContentView.swift */ = {isa = PBXFileReference; lastKnownFileType = sourcecode.swift; path = ToastContentView.swift; sourceTree = "<group>"; };
		E62BBB7D29E9E53E006EF52B /* ToastViewController.swift */ = {isa = PBXFileReference; lastKnownFileType = sourcecode.swift; path = ToastViewController.swift; sourceTree = "<group>"; };
		E642CFB22A0FD6D600F71921 /* SlideButtonContentView.swift */ = {isa = PBXFileReference; lastKnownFileType = sourcecode.swift; path = SlideButtonContentView.swift; sourceTree = "<group>"; };
		E642CFB42A0FD79700F71921 /* SlideButtonViewController.swift */ = {isa = PBXFileReference; lastKnownFileType = sourcecode.swift; path = SlideButtonViewController.swift; sourceTree = "<group>"; };
		E658280129F1666C00792C57 /* Button3DContentView.swift */ = {isa = PBXFileReference; lastKnownFileType = sourcecode.swift; path = Button3DContentView.swift; sourceTree = "<group>"; };
		E658280329F1668700792C57 /* Button3DViewController.swift */ = {isa = PBXFileReference; lastKnownFileType = sourcecode.swift; path = Button3DViewController.swift; sourceTree = "<group>"; };
		E658280629F2B0A100792C57 /* StepProgressBarContentView.swift */ = {isa = PBXFileReference; lastKnownFileType = sourcecode.swift; path = StepProgressBarContentView.swift; sourceTree = "<group>"; };
		E658280829F2B18100792C57 /* StepProgressBarViewController.swift */ = {isa = PBXFileReference; lastKnownFileType = sourcecode.swift; path = StepProgressBarViewController.swift; sourceTree = "<group>"; };
		E66FF8FC29EE9C56003C81B4 /* CarouselPickerContentView.swift */ = {isa = PBXFileReference; lastKnownFileType = sourcecode.swift; path = CarouselPickerContentView.swift; sourceTree = "<group>"; };
		E66FF8FE29EE9DC2003C81B4 /* CarouselPickerViewController.swift */ = {isa = PBXFileReference; lastKnownFileType = sourcecode.swift; path = CarouselPickerViewController.swift; sourceTree = "<group>"; };
		E66FF90129EFEA85003C81B4 /* ColorSelectorContentView.swift */ = {isa = PBXFileReference; lastKnownFileType = sourcecode.swift; path = ColorSelectorContentView.swift; sourceTree = "<group>"; };
		E66FF90329EFEB9F003C81B4 /* ColorSelectorViewController.swift */ = {isa = PBXFileReference; lastKnownFileType = sourcecode.swift; path = ColorSelectorViewController.swift; sourceTree = "<group>"; };
		E6754FCE2B7B847100702D57 /* SlideTransitionContentView.swift */ = {isa = PBXFileReference; lastKnownFileType = sourcecode.swift; path = SlideTransitionContentView.swift; sourceTree = "<group>"; };
		E6754FD02B7B887000702D57 /* SlideTransitionViewController.swift */ = {isa = PBXFileReference; lastKnownFileType = sourcecode.swift; path = SlideTransitionViewController.swift; sourceTree = "<group>"; };
		E6754FD22B7B88AC00702D57 /* BottomSheetViewController.swift */ = {isa = PBXFileReference; lastKnownFileType = sourcecode.swift; path = BottomSheetViewController.swift; sourceTree = "<group>"; };
		E6754FD42B7B88DE00702D57 /* SlideViewController.swift */ = {isa = PBXFileReference; lastKnownFileType = sourcecode.swift; path = SlideViewController.swift; sourceTree = "<group>"; };
		E68FF2C629EB19A100296CAA /* RangeSliderContentView.swift */ = {isa = PBXFileReference; lastKnownFileType = sourcecode.swift; path = RangeSliderContentView.swift; sourceTree = "<group>"; };
		E68FF2C829EB1A7400296CAA /* RangeSliderViewController.swift */ = {isa = PBXFileReference; lastKnownFileType = sourcecode.swift; path = RangeSliderViewController.swift; sourceTree = "<group>"; };
		E6CEBEEC2A0657EC00B1225F /* MiniPlayerContentView.swift */ = {isa = PBXFileReference; lastKnownFileType = sourcecode.swift; path = MiniPlayerContentView.swift; sourceTree = "<group>"; };
		E6CEBEEE2A0658BA00B1225F /* MiniPlayerViewController.swift */ = {isa = PBXFileReference; lastKnownFileType = sourcecode.swift; path = MiniPlayerViewController.swift; sourceTree = "<group>"; };
		E6CEBEF02A065ADC00B1225F /* MiniPlayerTabBarController.swift */ = {isa = PBXFileReference; lastKnownFileType = sourcecode.swift; path = MiniPlayerTabBarController.swift; sourceTree = "<group>"; };
		E6CFE3D429FE748C00AD4A12 /* RecordButtonContentView.swift */ = {isa = PBXFileReference; lastKnownFileType = sourcecode.swift; path = RecordButtonContentView.swift; sourceTree = "<group>"; };
		E6CFE3D629FE75D100AD4A12 /* RecordButtonViewController.swift */ = {isa = PBXFileReference; lastKnownFileType = sourcecode.swift; path = RecordButtonViewController.swift; sourceTree = "<group>"; };
/* End PBXFileReference section */

/* Begin PBXFrameworksBuildPhase section */
		E62BBB3829E97F86006EF52B /* Frameworks */ = {
			isa = PBXFrameworksBuildPhase;
			buildActionMask = 2147483647;
			files = (
				E62BBB7829E9E243006EF52B /* Components in Frameworks */,
			);
			runOnlyForDeploymentPostprocessing = 0;
		};
/* End PBXFrameworksBuildPhase section */

/* Begin PBXGroup section */
		E603CB0D29F13739004172AA /* Selectors */ = {
			isa = PBXGroup;
			children = (
				E66FF90029EFEA70003C81B4 /* ColorSelectorView */,
			);
			path = Selectors;
			sourceTree = "<group>";
		};
		E61A303C2B750E830081A9A7 /* Transitions */ = {
			isa = PBXGroup;
			children = (
				E6754FCD2B7B846300702D57 /* Slide */,
				E61A303D2B750EA50081A9A7 /* BottomSheet */,
			);
			path = Transitions;
			sourceTree = "<group>";
		};
		E61A303D2B750EA50081A9A7 /* BottomSheet */ = {
			isa = PBXGroup;
			children = (
				E61A303E2B750EF00081A9A7 /* BottomSheetTransitionContentView.swift */,
				E61A30402B7510800081A9A7 /* BottomSheetTransitionViewController.swift */,
				E6754FD22B7B88AC00702D57 /* BottomSheetViewController.swift */,
			);
			path = BottomSheet;
			sourceTree = "<group>";
		};
		E62BBB3229E97F86006EF52B = {
			isa = PBXGroup;
			children = (
				E62BBB7429E98226006EF52B /* Packages */,
				E62BBB3D29E97F86006EF52B /* SwiftComponentsLibrary */,
				E62BBB3C29E97F86006EF52B /* Products */,
				E62BBB7629E9E243006EF52B /* Frameworks */,
			);
			sourceTree = "<group>";
		};
		E62BBB3C29E97F86006EF52B /* Products */ = {
			isa = PBXGroup;
			children = (
				E62BBB3B29E97F86006EF52B /* SwiftComponentsLibrary.app */,
			);
			name = Products;
			sourceTree = "<group>";
		};
		E62BBB3D29E97F86006EF52B /* SwiftComponentsLibrary */ = {
			isa = PBXGroup;
			children = (
				E62BBB5229E97FC3006EF52B /* Application */,
				E62BBB5329E98000006EF52B /* Screens */,
				E62BBB5429E98010006EF52B /* Resources */,
				E62BBB5529E98017006EF52B /* SupportingFiles */,
			);
			path = SwiftComponentsLibrary;
			sourceTree = "<group>";
		};
		E62BBB5229E97FC3006EF52B /* Application */ = {
			isa = PBXGroup;
			children = (
				E62BBB3E29E97F86006EF52B /* AppDelegate.swift */,
				E62BBB4029E97F86006EF52B /* SceneDelegate.swift */,
			);
			path = Application;
			sourceTree = "<group>";
		};
		E62BBB5329E98000006EF52B /* Screens */ = {
			isa = PBXGroup;
			children = (
				E62BBB5629E98043006EF52B /* Outline */,
				E62BBB5E29E980A3006EF52B /* ActivityIndicators */,
				E65827FF29F1665200792C57 /* Buttons */,
				E6CEBEEA2A0657D800B1225F /* Exploration */,
				E66FF8FA29EE98A6003C81B4 /* Pickers */,
				E62BBB6429E98127006EF52B /* Progresses */,
				E603CB0D29F13739004172AA /* Selectors */,
				E68FF2C429EB198100296CAA /* Sliders */,
				E62BBB7929E9E4E6006EF52B /* Toasts */,
				E61A303C2B750E830081A9A7 /* Transitions */,
			);
			path = Screens;
			sourceTree = "<group>";
		};
		E62BBB5429E98010006EF52B /* Resources */ = {
			isa = PBXGroup;
			children = (
				E62BBB4729E97F87006EF52B /* Assets.xcassets */,
				E62BBB4929E97F87006EF52B /* LaunchScreen.storyboard */,
			);
			path = Resources;
			sourceTree = "<group>";
		};
		E62BBB5529E98017006EF52B /* SupportingFiles */ = {
			isa = PBXGroup;
			children = (
				E62BBB4C29E97F87006EF52B /* Info.plist */,
			);
			path = SupportingFiles;
			sourceTree = "<group>";
		};
		E62BBB5629E98043006EF52B /* Outline */ = {
			isa = PBXGroup;
			children = (
				E62BBB5829E98060006EF52B /* OutlineView.swift */,
				E62BBB5A29E9807B006EF52B /* OutlineViewController.swift */,
				E62BBB5C29E98091006EF52B /* OutlineViewController+DataSource.swift */,
			);
			path = Outline;
			sourceTree = "<group>";
		};
		E62BBB5E29E980A3006EF52B /* ActivityIndicators */ = {
			isa = PBXGroup;
			children = (
				E62BBB5F29E980AF006EF52B /* GrowingCircleActivityIndicator */,
			);
			path = ActivityIndicators;
			sourceTree = "<group>";
		};
		E62BBB5F29E980AF006EF52B /* GrowingCircleActivityIndicator */ = {
			isa = PBXGroup;
			children = (
				E62BBB6029E980EB006EF52B /* GrowingCircleActivityIndicatorContentView.swift */,
				E62BBB6229E98101006EF52B /* GrowingCircleActivityIndicatorViewController.swift */,
			);
			path = GrowingCircleActivityIndicator;
			sourceTree = "<group>";
		};
		E62BBB6429E98127006EF52B /* Progresses */ = {
			isa = PBXGroup;
			children = (
				E62BBB6529E98139006EF52B /* CircleProgress */,
				E62BBB6629E98140006EF52B /* ProgressBar */,
				E658280529F2B08500792C57 /* StepProgressBar */,
				E62BBB6729E9814B006EF52B /* StrokeProgressBar */,
			);
			path = Progresses;
			sourceTree = "<group>";
		};
		E62BBB6529E98139006EF52B /* CircleProgress */ = {
			isa = PBXGroup;
			children = (
				E62BBB6829E9816F006EF52B /* CircleProgressContentView.swift */,
				E62BBB6A29E9818D006EF52B /* CircleProgressViewController.swift */,
			);
			path = CircleProgress;
			sourceTree = "<group>";
		};
		E62BBB6629E98140006EF52B /* ProgressBar */ = {
			isa = PBXGroup;
			children = (
				E62BBB6C29E981A9006EF52B /* ProgressBarContentView.swift */,
				E62BBB6E29E981B3006EF52B /* ProgressBarViewController.swift */,
			);
			path = ProgressBar;
			sourceTree = "<group>";
		};
		E62BBB6729E9814B006EF52B /* StrokeProgressBar */ = {
			isa = PBXGroup;
			children = (
				E62BBB7029E981E2006EF52B /* StrokeProgressBarContentView.swift */,
				E62BBB7229E98204006EF52B /* StrokeProgressBarViewController.swift */,
			);
			path = StrokeProgressBar;
			sourceTree = "<group>";
		};
		E62BBB7429E98226006EF52B /* Packages */ = {
			isa = PBXGroup;
			children = (
				E62BBB7529E98252006EF52B /* Components */,
			);
			path = Packages;
			sourceTree = "<group>";
		};
		E62BBB7629E9E243006EF52B /* Frameworks */ = {
			isa = PBXGroup;
			children = (
			);
			name = Frameworks;
			sourceTree = "<group>";
		};
		E62BBB7929E9E4E6006EF52B /* Toasts */ = {
			isa = PBXGroup;
			children = (
				E62BBB7A29E9E502006EF52B /* Toast */,
			);
			path = Toasts;
			sourceTree = "<group>";
		};
		E62BBB7A29E9E502006EF52B /* Toast */ = {
			isa = PBXGroup;
			children = (
				E62BBB7B29E9E522006EF52B /* ToastContentView.swift */,
				E62BBB7D29E9E53E006EF52B /* ToastViewController.swift */,
			);
			path = Toast;
			sourceTree = "<group>";
		};
		E642CFB12A0FD6C700F71921 /* SlideButton */ = {
			isa = PBXGroup;
			children = (
				E642CFB22A0FD6D600F71921 /* SlideButtonContentView.swift */,
				E642CFB42A0FD79700F71921 /* SlideButtonViewController.swift */,
			);
			path = SlideButton;
			sourceTree = "<group>";
		};
		E65827FF29F1665200792C57 /* Buttons */ = {
			isa = PBXGroup;
			children = (
				E642CFB12A0FD6C700F71921 /* SlideButton */,
				E6CFE3D329FE747B00AD4A12 /* RecordButton */,
				E658280029F1665A00792C57 /* Button3D */,
			);
			path = Buttons;
			sourceTree = "<group>";
		};
		E658280029F1665A00792C57 /* Button3D */ = {
			isa = PBXGroup;
			children = (
				E658280129F1666C00792C57 /* Button3DContentView.swift */,
				E658280329F1668700792C57 /* Button3DViewController.swift */,
			);
			path = Button3D;
			sourceTree = "<group>";
		};
		E658280529F2B08500792C57 /* StepProgressBar */ = {
			isa = PBXGroup;
			children = (
				E658280629F2B0A100792C57 /* StepProgressBarContentView.swift */,
				E658280829F2B18100792C57 /* StepProgressBarViewController.swift */,
			);
			path = StepProgressBar;
			sourceTree = "<group>";
		};
		E66FF8FA29EE98A6003C81B4 /* Pickers */ = {
			isa = PBXGroup;
			children = (
				E66FF8FB29EE9C40003C81B4 /* CarouselPickerView */,
			);
			path = Pickers;
			sourceTree = "<group>";
		};
		E66FF8FB29EE9C40003C81B4 /* CarouselPickerView */ = {
			isa = PBXGroup;
			children = (
				E66FF8FC29EE9C56003C81B4 /* CarouselPickerContentView.swift */,
				E66FF8FE29EE9DC2003C81B4 /* CarouselPickerViewController.swift */,
			);
			path = CarouselPickerView;
			sourceTree = "<group>";
		};
		E66FF90029EFEA70003C81B4 /* ColorSelectorView */ = {
			isa = PBXGroup;
			children = (
				E66FF90129EFEA85003C81B4 /* ColorSelectorContentView.swift */,
				E66FF90329EFEB9F003C81B4 /* ColorSelectorViewController.swift */,
			);
			path = ColorSelectorView;
			sourceTree = "<group>";
		};
		E6754FCD2B7B846300702D57 /* Slide */ = {
			isa = PBXGroup;
			children = (
				E6754FCE2B7B847100702D57 /* SlideTransitionContentView.swift */,
				E6754FD02B7B887000702D57 /* SlideTransitionViewController.swift */,
				E6754FD42B7B88DE00702D57 /* SlideViewController.swift */,
			);
			path = Slide;
			sourceTree = "<group>";
		};
		E68FF2C429EB198100296CAA /* Sliders */ = {
			isa = PBXGroup;
			children = (
				E68FF2C529EB198C00296CAA /* RangeSlider */,
			);
			path = Sliders;
			sourceTree = "<group>";
		};
		E68FF2C529EB198C00296CAA /* RangeSlider */ = {
			isa = PBXGroup;
			children = (
				E68FF2C629EB19A100296CAA /* RangeSliderContentView.swift */,
				E68FF2C829EB1A7400296CAA /* RangeSliderViewController.swift */,
			);
			path = RangeSlider;
			sourceTree = "<group>";
		};
		E6CEBEEA2A0657D800B1225F /* Exploration */ = {
			isa = PBXGroup;
			children = (
				E6CEBEEB2A0657DF00B1225F /* MiniPlayerView */,
			);
			path = Exploration;
			sourceTree = "<group>";
		};
		E6CEBEEB2A0657DF00B1225F /* MiniPlayerView */ = {
			isa = PBXGroup;
			children = (
				E6CEBEEC2A0657EC00B1225F /* MiniPlayerContentView.swift */,
				E6CEBEEE2A0658BA00B1225F /* MiniPlayerViewController.swift */,
				E6CEBEF02A065ADC00B1225F /* MiniPlayerTabBarController.swift */,
			);
			path = MiniPlayerView;
			sourceTree = "<group>";
		};
		E6CFE3D329FE747B00AD4A12 /* RecordButton */ = {
			isa = PBXGroup;
			children = (
				E6CFE3D429FE748C00AD4A12 /* RecordButtonContentView.swift */,
				E6CFE3D629FE75D100AD4A12 /* RecordButtonViewController.swift */,
			);
			path = RecordButton;
			sourceTree = "<group>";
		};
/* End PBXGroup section */

/* Begin PBXNativeTarget section */
		E62BBB3A29E97F86006EF52B /* SwiftComponentsLibrary */ = {
			isa = PBXNativeTarget;
			buildConfigurationList = E62BBB4F29E97F87006EF52B /* Build configuration list for PBXNativeTarget "SwiftComponentsLibrary" */;
			buildPhases = (
				E62BBB3729E97F86006EF52B /* Sources */,
				E62BBB3829E97F86006EF52B /* Frameworks */,
				E62BBB3929E97F86006EF52B /* Resources */,
			);
			buildRules = (
			);
			dependencies = (
			);
			name = SwiftComponentsLibrary;
			packageProductDependencies = (
				E62BBB7729E9E243006EF52B /* Components */,
			);
			productName = SwiftComponentsLibrary;
			productReference = E62BBB3B29E97F86006EF52B /* SwiftComponentsLibrary.app */;
			productType = "com.apple.product-type.application";
		};
/* End PBXNativeTarget section */

/* Begin PBXProject section */
		E62BBB3329E97F86006EF52B /* Project object */ = {
			isa = PBXProject;
			attributes = {
				BuildIndependentTargetsInParallel = 1;
				LastSwiftUpdateCheck = 1410;
				LastUpgradeCheck = 1410;
				TargetAttributes = {
					E62BBB3A29E97F86006EF52B = {
						CreatedOnToolsVersion = 14.1;
					};
				};
			};
			buildConfigurationList = E62BBB3629E97F86006EF52B /* Build configuration list for PBXProject "SwiftComponentsLibrary" */;
			compatibilityVersion = "Xcode 14.0";
			developmentRegion = en;
			hasScannedForEncodings = 0;
			knownRegions = (
				en,
				Base,
			);
			mainGroup = E62BBB3229E97F86006EF52B;
			productRefGroup = E62BBB3C29E97F86006EF52B /* Products */;
			projectDirPath = "";
			projectRoot = "";
			targets = (
				E62BBB3A29E97F86006EF52B /* SwiftComponentsLibrary */,
			);
		};
/* End PBXProject section */

/* Begin PBXResourcesBuildPhase section */
		E62BBB3929E97F86006EF52B /* Resources */ = {
			isa = PBXResourcesBuildPhase;
			buildActionMask = 2147483647;
			files = (
				E62BBB4B29E97F87006EF52B /* LaunchScreen.storyboard in Resources */,
				E62BBB4829E97F87006EF52B /* Assets.xcassets in Resources */,
			);
			runOnlyForDeploymentPostprocessing = 0;
		};
/* End PBXResourcesBuildPhase section */

/* Begin PBXSourcesBuildPhase section */
		E62BBB3729E97F86006EF52B /* Sources */ = {
			isa = PBXSourcesBuildPhase;
			buildActionMask = 2147483647;
			files = (
				E66FF8FD29EE9C56003C81B4 /* CarouselPickerContentView.swift in Sources */,
				E62BBB3F29E97F86006EF52B /* AppDelegate.swift in Sources */,
				E61A30412B7510800081A9A7 /* BottomSheetTransitionViewController.swift in Sources */,
				E62BBB4129E97F86006EF52B /* SceneDelegate.swift in Sources */,
				E62BBB5B29E9807B006EF52B /* OutlineViewController.swift in Sources */,
				E61A303F2B750EF00081A9A7 /* BottomSheetTransitionContentView.swift in Sources */,
				E62BBB5D29E98091006EF52B /* OutlineViewController+DataSource.swift in Sources */,
				E6CFE3D529FE748C00AD4A12 /* RecordButtonContentView.swift in Sources */,
				E642CFB52A0FD79700F71921 /* SlideButtonViewController.swift in Sources */,
				E6754FD12B7B887000702D57 /* SlideTransitionViewController.swift in Sources */,
				E658280429F1668700792C57 /* Button3DViewController.swift in Sources */,
				E6754FCF2B7B847100702D57 /* SlideTransitionContentView.swift in Sources */,
				E6754FD52B7B88DE00702D57 /* SlideViewController.swift in Sources */,
				E6754FD32B7B88AC00702D57 /* BottomSheetViewController.swift in Sources */,
				E6CFE3D729FE75D100AD4A12 /* RecordButtonViewController.swift in Sources */,
				E62BBB7329E98204006EF52B /* StrokeProgressBarViewController.swift in Sources */,
				E66FF90229EFEA85003C81B4 /* ColorSelectorContentView.swift in Sources */,
				E62BBB6B29E9818D006EF52B /* CircleProgressViewController.swift in Sources */,
				E68FF2C929EB1A7400296CAA /* RangeSliderViewController.swift in Sources */,
				E62BBB7C29E9E522006EF52B /* ToastContentView.swift in Sources */,
				E658280229F1666C00792C57 /* Button3DContentView.swift in Sources */,
				E62BBB7129E981E2006EF52B /* StrokeProgressBarContentView.swift in Sources */,
				E658280929F2B18100792C57 /* StepProgressBarViewController.swift in Sources */,
				E62BBB6F29E981B3006EF52B /* ProgressBarViewController.swift in Sources */,
				E62BBB6329E98101006EF52B /* GrowingCircleActivityIndicatorViewController.swift in Sources */,
				E6CEBEED2A0657EC00B1225F /* MiniPlayerContentView.swift in Sources */,
				E62BBB7E29E9E53E006EF52B /* ToastViewController.swift in Sources */,
				E6CEBEF12A065ADC00B1225F /* MiniPlayerTabBarController.swift in Sources */,
				E62BBB6129E980EB006EF52B /* GrowingCircleActivityIndicatorContentView.swift in Sources */,
				E6CEBEEF2A0658BA00B1225F /* MiniPlayerViewController.swift in Sources */,
				E62BBB5929E98060006EF52B /* OutlineView.swift in Sources */,
				E66FF8FF29EE9DC2003C81B4 /* CarouselPickerViewController.swift in Sources */,
				E66FF90429EFEB9F003C81B4 /* ColorSelectorViewController.swift in Sources */,
				E68FF2C729EB19A100296CAA /* RangeSliderContentView.swift in Sources */,
				E62BBB6929E9816F006EF52B /* CircleProgressContentView.swift in Sources */,
				E658280729F2B0A100792C57 /* StepProgressBarContentView.swift in Sources */,
				E642CFB32A0FD6D600F71921 /* SlideButtonContentView.swift in Sources */,
				E62BBB6D29E981A9006EF52B /* ProgressBarContentView.swift in Sources */,
			);
			runOnlyForDeploymentPostprocessing = 0;
		};
/* End PBXSourcesBuildPhase section */

/* Begin PBXVariantGroup section */
		E62BBB4929E97F87006EF52B /* LaunchScreen.storyboard */ = {
			isa = PBXVariantGroup;
			children = (
				E62BBB4A29E97F87006EF52B /* Base */,
			);
			name = LaunchScreen.storyboard;
			sourceTree = "<group>";
		};
/* End PBXVariantGroup section */

/* Begin XCBuildConfiguration section */
		E62BBB4D29E97F87006EF52B /* Debug */ = {
			isa = XCBuildConfiguration;
			buildSettings = {
				ALWAYS_SEARCH_USER_PATHS = NO;
				CLANG_ANALYZER_NONNULL = YES;
				CLANG_ANALYZER_NUMBER_OBJECT_CONVERSION = YES_AGGRESSIVE;
				CLANG_CXX_LANGUAGE_STANDARD = "gnu++20";
				CLANG_ENABLE_MODULES = YES;
				CLANG_ENABLE_OBJC_ARC = YES;
				CLANG_ENABLE_OBJC_WEAK = YES;
				CLANG_WARN_BLOCK_CAPTURE_AUTORELEASING = YES;
				CLANG_WARN_BOOL_CONVERSION = YES;
				CLANG_WARN_COMMA = YES;
				CLANG_WARN_CONSTANT_CONVERSION = YES;
				CLANG_WARN_DEPRECATED_OBJC_IMPLEMENTATIONS = YES;
				CLANG_WARN_DIRECT_OBJC_ISA_USAGE = YES_ERROR;
				CLANG_WARN_DOCUMENTATION_COMMENTS = YES;
				CLANG_WARN_EMPTY_BODY = YES;
				CLANG_WARN_ENUM_CONVERSION = YES;
				CLANG_WARN_INFINITE_RECURSION = YES;
				CLANG_WARN_INT_CONVERSION = YES;
				CLANG_WARN_NON_LITERAL_NULL_CONVERSION = YES;
				CLANG_WARN_OBJC_IMPLICIT_RETAIN_SELF = YES;
				CLANG_WARN_OBJC_LITERAL_CONVERSION = YES;
				CLANG_WARN_OBJC_ROOT_CLASS = YES_ERROR;
				CLANG_WARN_QUOTED_INCLUDE_IN_FRAMEWORK_HEADER = YES;
				CLANG_WARN_RANGE_LOOP_ANALYSIS = YES;
				CLANG_WARN_STRICT_PROTOTYPES = YES;
				CLANG_WARN_SUSPICIOUS_MOVE = YES;
				CLANG_WARN_UNGUARDED_AVAILABILITY = YES_AGGRESSIVE;
				CLANG_WARN_UNREACHABLE_CODE = YES;
				CLANG_WARN__DUPLICATE_METHOD_MATCH = YES;
				COPY_PHASE_STRIP = NO;
				DEBUG_INFORMATION_FORMAT = dwarf;
				ENABLE_STRICT_OBJC_MSGSEND = YES;
				ENABLE_TESTABILITY = YES;
				GCC_C_LANGUAGE_STANDARD = gnu11;
				GCC_DYNAMIC_NO_PIC = NO;
				GCC_NO_COMMON_BLOCKS = YES;
				GCC_OPTIMIZATION_LEVEL = 0;
				GCC_PREPROCESSOR_DEFINITIONS = (
					"DEBUG=1",
					"$(inherited)",
				);
				GCC_WARN_64_TO_32_BIT_CONVERSION = YES;
				GCC_WARN_ABOUT_RETURN_TYPE = YES_ERROR;
				GCC_WARN_UNDECLARED_SELECTOR = YES;
				GCC_WARN_UNINITIALIZED_AUTOS = YES_AGGRESSIVE;
				GCC_WARN_UNUSED_FUNCTION = YES;
				GCC_WARN_UNUSED_VARIABLE = YES;
				IPHONEOS_DEPLOYMENT_TARGET = 16.1;
				MTL_ENABLE_DEBUG_INFO = INCLUDE_SOURCE;
				MTL_FAST_MATH = YES;
				ONLY_ACTIVE_ARCH = YES;
				SDKROOT = iphoneos;
				SWIFT_ACTIVE_COMPILATION_CONDITIONS = DEBUG;
				SWIFT_OPTIMIZATION_LEVEL = "-Onone";
			};
			name = Debug;
		};
		E62BBB4E29E97F87006EF52B /* Release */ = {
			isa = XCBuildConfiguration;
			buildSettings = {
				ALWAYS_SEARCH_USER_PATHS = NO;
				CLANG_ANALYZER_NONNULL = YES;
				CLANG_ANALYZER_NUMBER_OBJECT_CONVERSION = YES_AGGRESSIVE;
				CLANG_CXX_LANGUAGE_STANDARD = "gnu++20";
				CLANG_ENABLE_MODULES = YES;
				CLANG_ENABLE_OBJC_ARC = YES;
				CLANG_ENABLE_OBJC_WEAK = YES;
				CLANG_WARN_BLOCK_CAPTURE_AUTORELEASING = YES;
				CLANG_WARN_BOOL_CONVERSION = YES;
				CLANG_WARN_COMMA = YES;
				CLANG_WARN_CONSTANT_CONVERSION = YES;
				CLANG_WARN_DEPRECATED_OBJC_IMPLEMENTATIONS = YES;
				CLANG_WARN_DIRECT_OBJC_ISA_USAGE = YES_ERROR;
				CLANG_WARN_DOCUMENTATION_COMMENTS = YES;
				CLANG_WARN_EMPTY_BODY = YES;
				CLANG_WARN_ENUM_CONVERSION = YES;
				CLANG_WARN_INFINITE_RECURSION = YES;
				CLANG_WARN_INT_CONVERSION = YES;
				CLANG_WARN_NON_LITERAL_NULL_CONVERSION = YES;
				CLANG_WARN_OBJC_IMPLICIT_RETAIN_SELF = YES;
				CLANG_WARN_OBJC_LITERAL_CONVERSION = YES;
				CLANG_WARN_OBJC_ROOT_CLASS = YES_ERROR;
				CLANG_WARN_QUOTED_INCLUDE_IN_FRAMEWORK_HEADER = YES;
				CLANG_WARN_RANGE_LOOP_ANALYSIS = YES;
				CLANG_WARN_STRICT_PROTOTYPES = YES;
				CLANG_WARN_SUSPICIOUS_MOVE = YES;
				CLANG_WARN_UNGUARDED_AVAILABILITY = YES_AGGRESSIVE;
				CLANG_WARN_UNREACHABLE_CODE = YES;
				CLANG_WARN__DUPLICATE_METHOD_MATCH = YES;
				COPY_PHASE_STRIP = NO;
				DEBUG_INFORMATION_FORMAT = "dwarf-with-dsym";
				ENABLE_NS_ASSERTIONS = NO;
				ENABLE_STRICT_OBJC_MSGSEND = YES;
				GCC_C_LANGUAGE_STANDARD = gnu11;
				GCC_NO_COMMON_BLOCKS = YES;
				GCC_WARN_64_TO_32_BIT_CONVERSION = YES;
				GCC_WARN_ABOUT_RETURN_TYPE = YES_ERROR;
				GCC_WARN_UNDECLARED_SELECTOR = YES;
				GCC_WARN_UNINITIALIZED_AUTOS = YES_AGGRESSIVE;
				GCC_WARN_UNUSED_FUNCTION = YES;
				GCC_WARN_UNUSED_VARIABLE = YES;
				IPHONEOS_DEPLOYMENT_TARGET = 16.1;
				MTL_ENABLE_DEBUG_INFO = NO;
				MTL_FAST_MATH = YES;
				SDKROOT = iphoneos;
				SWIFT_COMPILATION_MODE = wholemodule;
				SWIFT_OPTIMIZATION_LEVEL = "-O";
				VALIDATE_PRODUCT = YES;
			};
			name = Release;
		};
		E62BBB5029E97F87006EF52B /* Debug */ = {
			isa = XCBuildConfiguration;
			buildSettings = {
				ASSETCATALOG_COMPILER_APPICON_NAME = AppIcon;
				ASSETCATALOG_COMPILER_GLOBAL_ACCENT_COLOR_NAME = AccentColor;
				CODE_SIGN_STYLE = Automatic;
				CURRENT_PROJECT_VERSION = 1;
				DEVELOPMENT_TEAM = HSMYYPSQ92;
				GENERATE_INFOPLIST_FILE = YES;
				INFOPLIST_FILE = SwiftComponentsLibrary/SupportingFiles/Info.plist;
				INFOPLIST_KEY_UIApplicationSupportsIndirectInputEvents = YES;
				INFOPLIST_KEY_UILaunchStoryboardName = LaunchScreen;
				INFOPLIST_KEY_UISupportedInterfaceOrientations_iPad = "UIInterfaceOrientationPortrait UIInterfaceOrientationPortraitUpsideDown UIInterfaceOrientationLandscapeLeft UIInterfaceOrientationLandscapeRight";
				INFOPLIST_KEY_UISupportedInterfaceOrientations_iPhone = "UIInterfaceOrientationPortrait UIInterfaceOrientationLandscapeLeft UIInterfaceOrientationLandscapeRight";
				LD_RUNPATH_SEARCH_PATHS = (
					"$(inherited)",
					"@executable_path/Frameworks",
				);
				MARKETING_VERSION = 1.0;
				PRODUCT_BUNDLE_IDENTIFIER = com.chsherbaksergey.SwiftComponentsLibrary;
				PRODUCT_NAME = "$(TARGET_NAME)";
				SWIFT_EMIT_LOC_STRINGS = YES;
				SWIFT_VERSION = 5.0;
				TARGETED_DEVICE_FAMILY = "1,2";
			};
			name = Debug;
		};
		E62BBB5129E97F87006EF52B /* Release */ = {
			isa = XCBuildConfiguration;
			buildSettings = {
				ASSETCATALOG_COMPILER_APPICON_NAME = AppIcon;
				ASSETCATALOG_COMPILER_GLOBAL_ACCENT_COLOR_NAME = AccentColor;
				CODE_SIGN_STYLE = Automatic;
				CURRENT_PROJECT_VERSION = 1;
				DEVELOPMENT_TEAM = HSMYYPSQ92;
				GENERATE_INFOPLIST_FILE = YES;
				INFOPLIST_FILE = SwiftComponentsLibrary/SupportingFiles/Info.plist;
				INFOPLIST_KEY_UIApplicationSupportsIndirectInputEvents = YES;
				INFOPLIST_KEY_UILaunchStoryboardName = LaunchScreen;
				INFOPLIST_KEY_UISupportedInterfaceOrientations_iPad = "UIInterfaceOrientationPortrait UIInterfaceOrientationPortraitUpsideDown UIInterfaceOrientationLandscapeLeft UIInterfaceOrientationLandscapeRight";
				INFOPLIST_KEY_UISupportedInterfaceOrientations_iPhone = "UIInterfaceOrientationPortrait UIInterfaceOrientationLandscapeLeft UIInterfaceOrientationLandscapeRight";
				LD_RUNPATH_SEARCH_PATHS = (
					"$(inherited)",
					"@executable_path/Frameworks",
				);
				MARKETING_VERSION = 1.0;
				PRODUCT_BUNDLE_IDENTIFIER = com.chsherbaksergey.SwiftComponentsLibrary;
				PRODUCT_NAME = "$(TARGET_NAME)";
				SWIFT_EMIT_LOC_STRINGS = YES;
				SWIFT_VERSION = 5.0;
				TARGETED_DEVICE_FAMILY = "1,2";
			};
			name = Release;
		};
/* End XCBuildConfiguration section */

/* Begin XCConfigurationList section */
		E62BBB3629E97F86006EF52B /* Build configuration list for PBXProject "SwiftComponentsLibrary" */ = {
			isa = XCConfigurationList;
			buildConfigurations = (
				E62BBB4D29E97F87006EF52B /* Debug */,
				E62BBB4E29E97F87006EF52B /* Release */,
			);
			defaultConfigurationIsVisible = 0;
			defaultConfigurationName = Release;
		};
		E62BBB4F29E97F87006EF52B /* Build configuration list for PBXNativeTarget "SwiftComponentsLibrary" */ = {
			isa = XCConfigurationList;
			buildConfigurations = (
				E62BBB5029E97F87006EF52B /* Debug */,
				E62BBB5129E97F87006EF52B /* Release */,
			);
			defaultConfigurationIsVisible = 0;
			defaultConfigurationName = Release;
		};
/* End XCConfigurationList section */

/* Begin XCSwiftPackageProductDependency section */
		E62BBB7729E9E243006EF52B /* Components */ = {
			isa = XCSwiftPackageProductDependency;
			productName = Components;
		};
/* End XCSwiftPackageProductDependency section */
	};
	rootObject = E62BBB3329E97F86006EF52B /* Project object */;
}
